
Microsoft Visual Studio Solution File, Format Version 12.00
# Visual Studio Version 17
VisualStudioVersion = 17.14.36414.22
MinimumVisualStudioVersion = 10.0.40219.1
Project("{FAE04EC0-301F-11D3-BF4B-00C04F79EFBC}") = "ReleaseBuilder", "ReleaseBuilder.csproj", "{E96F9843-B735-04B6-A9DD-2D865F825C6D}"
EndProject
Project("{FAE04EC0-301F-11D3-BF4B-00C04F79EFBC}") = "ReleaseBuilder.Tests", "ReleaseBuilder.Tests\ReleaseBuilder.Tests.csproj", "{8C3AADFE-BC03-4125-BF63-B8E730068EB4}"
EndProject
Global
	GlobalSection(SolutionConfigurationPlatforms) = preSolution
		Debug|Any CPU = Debug|Any CPU
		Debug|x64 = Debug|x64
		Debug|x86 = Debug|x86
		Release|Any CPU = Release|Any CPU
		Release|x64 = Release|x64
		Release|x86 = Release|x86
	EndGlobalSection
	GlobalSection(ProjectConfigurationPlatforms) = postSolution
		{E96F9843-B735-04B6-A9DD-2D865F825C6D}.Debug|Any CPU.ActiveCfg = Debug|Any CPU
		{E96F9843-B735-04B6-A9DD-2D865F825C6D}.Debug|Any CPU.Build.0 = Debug|Any CPU
		{E96F9843-B735-04B6-A9DD-2D865F825C6D}.Debug|x64.ActiveCfg = Debug|Any CPU
		{E96F9843-B735-04B6-A9DD-2D865F825C6D}.Debug|x64.Build.0 = Debug|Any CPU
		{E96F9843-B735-04B6-A9DD-2D865F825C6D}.Debug|x86.ActiveCfg = Debug|Any CPU
		{E96F9843-B735-04B6-A9DD-2D865F825C6D}.Debug|x86.Build.0 = Debug|Any CPU
		{E96F9843-B735-04B6-A9DD-2D865F825C6D}.Release|Any CPU.ActiveCfg = Release|Any CPU
		{E96F9843-B735-04B6-A9DD-2D865F825C6D}.Release|Any CPU.Build.0 = Release|Any CPU
		{E96F9843-B735-04B6-A9DD-2D865F825C6D}.Release|x64.ActiveCfg = Release|Any CPU
		{E96F9843-B735-04B6-A9DD-2D865F825C6D}.Release|x64.Build.0 = Release|Any CPU
		{E96F9843-B735-04B6-A9DD-2D865F825C6D}.Release|x86.ActiveCfg = Release|Any CPU
		{E96F9843-B735-04B6-A9DD-2D865F825C6D}.Release|x86.Build.0 = Release|Any CPU
		{8C3AADFE-BC03-4125-BF63-B8E730068EB4}.Debug|Any CPU.ActiveCfg = Debug|Any CPU
		{8C3AADFE-BC03-4125-BF63-B8E730068EB4}.Debug|Any CPU.Build.0 = Debug|Any CPU
		{8C3AADFE-BC03-4125-BF63-B8E730068EB4}.Debug|x64.ActiveCfg = Debug|Any CPU
		{8C3AADFE-BC03-4125-BF63-B8E730068EB4}.Debug|x64.Build.0 = Debug|Any CPU
		{8C3AADFE-BC03-4125-BF63-B8E730068EB4}.Debug|x86.ActiveCfg = Debug|Any CPU
		{8C3AADFE-BC03-4125-BF63-B8E730068EB4}.Debug|x86.Build.0 = Debug|Any CPU
		{8C3AADFE-BC03-4125-BF63-B8E730068EB4}.Release|Any CPU.ActiveCfg = Release|Any CPU
		{8C3AADFE-BC03-4125-BF63-B8E730068EB4}.Release|Any CPU.Build.0 = Release|Any CPU
		{8C3AADFE-BC03-4125-BF63-B8E730068EB4}.Release|x64.ActiveCfg = Release|Any CPU
		{8C3AADFE-BC03-4125-BF63-B8E730068EB4}.Release|x64.Build.0 = Release|Any CPU
		{8C3AADFE-BC03-4125-BF63-B8E730068EB4}.Release|x86.ActiveCfg = Release|Any CPU
		{8C3AADFE-BC03-4125-BF63-B8E730068EB4}.Release|x86.Build.0 = Release|Any CPU
	EndGlobalSection
	GlobalSection(SolutionProperties) = preSolution
		HideSolutionNode = FALSE
	EndGlobalSection
	GlobalSection(ExtensibilityGlobals) = postSolution
		SolutionGuid = {5F41FC01-AC3E-4B36-8E8C-B0712F24CB92}
	EndGlobalSection
EndGlobal
